// !$*UTF8*$!
{
	archiveVersion = 1;
	classes = {
	};
	objectVersion = 56;
	objects = {

/* Begin PBXBuildFile section */
		1785F79129ADD50F00112B29 /* Animate_TransitionApp.swift in Sources */ = {isa = PBXBuildFile; fileRef = 1785F79029ADD50F00112B29 /* Animate_TransitionApp.swift */; };
		1785F79329ADD50F00112B29 /* ContentView.swift in Sources */ = {isa = PBXBuildFile; fileRef = 1785F79229ADD50F00112B29 /* ContentView.swift */; };
		1785F79529ADD51000112B29 /* Assets.xcassets in Resources */ = {isa = PBXBuildFile; fileRef = 1785F79429ADD51000112B29 /* Assets.xcassets */; };
		1785F79929ADD51000112B29 /* Preview Assets.xcassets in Resources */ = {isa = PBXBuildFile; fileRef = 1785F79829ADD51000112B29 /* Preview Assets.xcassets */; };
		1785F7A329ADD51000112B29 /* Animate_TransitionTests.swift in Sources */ = {isa = PBXBuildFile; fileRef = 1785F7A229ADD51000112B29 /* Animate_TransitionTests.swift */; };
		1785F7AD29ADD51000112B29 /* Animate_TransitionUITests.swift in Sources */ = {isa = PBXBuildFile; fileRef = 1785F7AC29ADD51000112B29 /* Animate_TransitionUITests.swift */; };
		1785F7AF29ADD51000112B29 /* Animate_TransitionUITestsLaunchTests.swift in Sources */ = {isa = PBXBuildFile; fileRef = 1785F7AE29ADD51000112B29 /* Animate_TransitionUITestsLaunchTests.swift */; };
		1785F7BC29ADD66200112B29 /* SettingsView.swift in Sources */ = {isa = PBXBuildFile; fileRef = 1785F7BB29ADD66200112B29 /* SettingsView.swift */; };
/* End PBXBuildFile section */

/* Begin PBXContainerItemProxy section */
		1785F79F29ADD51000112B29 /* PBXContainerItemProxy */ = {
			isa = PBXContainerItemProxy;
			containerPortal = 1785F78529ADD50F00112B29 /* Project object */;
			proxyType = 1;
			remoteGlobalIDString = 1785F78C29ADD50F00112B29;
			remoteInfo = "Animate Transition";
		};
		1785F7A929ADD51000112B29 /* PBXContainerItemProxy */ = {
			isa = PBXContainerItemProxy;
			containerPortal = 1785F78529ADD50F00112B29 /* Project object */;
			proxyType = 1;
			remoteGlobalIDString = 1785F78C29ADD50F00112B29;
			remoteInfo = "Animate Transition";
		};
/* End PBXContainerItemProxy section */

/* Begin PBXFileReference section */
		1785F78D29ADD50F00112B29 /* Animate Transition.app */ = {isa = PBXFileReference; explicitFileType = wrapper.application; includeInIndex = 0; path = "Animate Transition.app"; sourceTree = BUILT_PRODUCTS_DIR; };
		1785F79029ADD50F00112B29 /* Animate_TransitionApp.swift */ = {isa = PBXFileReference; lastKnownFileType = sourcecode.swift; path = Animate_TransitionApp.swift; sourceTree = "<group>"; };
		1785F79229ADD50F00112B29 /* ContentView.swift */ = {isa = PBXFileReference; lastKnownFileType = sourcecode.swift; path = ContentView.swift; sourceTree = "<group>"; };
		1785F79429ADD51000112B29 /* Assets.xcassets */ = {isa = PBXFileReference; lastKnownFileType = folder.assetcatalog; path = Assets.xcassets; sourceTree = "<group>"; };
		1785F79629ADD51000112B29 /* Animate_Transition.entitlements */ = {isa = PBXFileReference; lastKnownFileType = text.plist.entitlements; path = Animate_Transition.entitlements; sourceTree = "<group>"; };
		1785F79829ADD51000112B29 /* Preview Assets.xcassets */ = {isa = PBXFileReference; lastKnownFileType = folder.assetcatalog; path = "Preview Assets.xcassets"; sourceTree = "<group>"; };
		1785F79E29ADD51000112B29 /* Animate TransitionTests.xctest */ = {isa = PBXFileReference; explicitFileType = wrapper.cfbundle; includeInIndex = 0; path = "Animate TransitionTests.xctest"; sourceTree = BUILT_PRODUCTS_DIR; };
		1785F7A229ADD51000112B29 /* Animate_TransitionTests.swift */ = {isa = PBXFileReference; lastKnownFileType = sourcecode.swift; path = Animate_TransitionTests.swift; sourceTree = "<group>"; };
		1785F7A829ADD51000112B29 /* Animate TransitionUITests.xctest */ = {isa = PBXFileReference; explicitFileType = wrapper.cfbundle; includeInIndex = 0; path = "Animate TransitionUITests.xctest"; sourceTree = BUILT_PRODUCTS_DIR; };
		1785F7AC29ADD51000112B29 /* Animate_TransitionUITests.swift */ = {isa = PBXFileReference; lastKnownFileType = sourcecode.swift; path = Animate_TransitionUITests.swift; sourceTree = "<group>"; };
		1785F7AE29ADD51000112B29 /* Animate_TransitionUITestsLaunchTests.swift */ = {isa = PBXFileReference; lastKnownFileType = sourcecode.swift; path = Animate_TransitionUITestsLaunchTests.swift; sourceTree = "<group>"; };
		1785F7BB29ADD66200112B29 /* SettingsView.swift */ = {isa = PBXFileReference; lastKnownFileType = sourcecode.swift; path = SettingsView.swift; sourceTree = "<group>"; };
/* End PBXFileReference section */

/* Begin PBXFrameworksBuildPhase section */
		1785F78A29ADD50F00112B29 /* Frameworks */ = {
			isa = PBXFrameworksBuildPhase;
			buildActionMask = 2147483647;
			files = (
			);
			runOnlyForDeploymentPostprocessing = 0;
		};
		1785F79B29ADD51000112B29 /* Frameworks */ = {
			isa = PBXFrameworksBuildPhase;
			buildActionMask = 2147483647;
			files = (
			);
			runOnlyForDeploymentPostprocessing = 0;
		};
		1785F7A529ADD51000112B29 /* Frameworks */ = {
			isa = PBXFrameworksBuildPhase;
			buildActionMask = 2147483647;
			files = (
			);
			runOnlyForDeploymentPostprocessing = 0;
		};
/* End PBXFrameworksBuildPhase section */

/* Begin PBXGroup section */
		1785F78429ADD50F00112B29 = {
			isa = PBXGroup;
			children = (
				1785F78F29ADD50F00112B29 /* Animate Transition */,
				1785F7A129ADD51000112B29 /* Animate TransitionTests */,
				1785F7AB29ADD51000112B29 /* Animate TransitionUITests */,
				1785F78E29ADD50F00112B29 /* Products */,
			);
			sourceTree = "<group>";
		};
		1785F78E29ADD50F00112B29 /* Products */ = {
			isa = PBXGroup;
			children = (
				1785F78D29ADD50F00112B29 /* Animate Transition.app */,
				1785F79E29ADD51000112B29 /* Animate TransitionTests.xctest */,
				1785F7A829ADD51000112B29 /* Animate TransitionUITests.xctest */,
			);
			name = Products;
			sourceTree = "<group>";
		};
		1785F78F29ADD50F00112B29 /* Animate Transition */ = {
			isa = PBXGroup;
			children = (
				1785F79029ADD50F00112B29 /* Animate_TransitionApp.swift */,
				1785F79229ADD50F00112B29 /* ContentView.swift */,
				1785F7BB29ADD66200112B29 /* SettingsView.swift */,
				1785F79429ADD51000112B29 /* Assets.xcassets */,
				1785F79629ADD51000112B29 /* Animate_Transition.entitlements */,
				1785F79729ADD51000112B29 /* Preview Content */,
			);
			path = "Animate Transition";
			sourceTree = "<group>";
		};
		1785F79729ADD51000112B29 /* Preview Content */ = {
			isa = PBXGroup;
			children = (
				1785F79829ADD51000112B29 /* Preview Assets.xcassets */,
			);
			path = "Preview Content";
			sourceTree = "<group>";
		};
		1785F7A129ADD51000112B29 /* Animate TransitionTests */ = {
			isa = PBXGroup;
			children = (
				1785F7A229ADD51000112B29 /* Animate_TransitionTests.swift */,
			);
			path = "Animate TransitionTests";
			sourceTree = "<group>";
		};
		1785F7AB29ADD51000112B29 /* Animate TransitionUITests */ = {
			isa = PBXGroup;
			children = (
				1785F7AC29ADD51000112B29 /* Animate_TransitionUITests.swift */,
				1785F7AE29ADD51000112B29 /* Animate_TransitionUITestsLaunchTests.swift */,
			);
			path = "Animate TransitionUITests";
			sourceTree = "<group>";
		};
/* End PBXGroup section */

/* Begin PBXNativeTarget section */
		1785F78C29ADD50F00112B29 /* Animate Transition */ = {
			isa = PBXNativeTarget;
			buildConfigurationList = 1785F7B229ADD51000112B29 /* Build configuration list for PBXNativeTarget "Animate Transition" */;
			buildPhases = (
				1785F78929ADD50F00112B29 /* Sources */,
				1785F78A29ADD50F00112B29 /* Frameworks */,
				1785F78B29ADD50F00112B29 /* Resources */,
			);
			buildRules = (
			);
			dependencies = (
			);
			name = "Animate Transition";
			productName = "Animate Transition";
			productReference = 1785F78D29ADD50F00112B29 /* Animate Transition.app */;
			productType = "com.apple.product-type.application";
		};
		1785F79D29ADD51000112B29 /* Animate TransitionTests */ = {
			isa = PBXNativeTarget;
			buildConfigurationList = 1785F7B529ADD51000112B29 /* Build configuration list for PBXNativeTarget "Animate TransitionTests" */;
			buildPhases = (
				1785F79A29ADD51000112B29 /* Sources */,
				1785F79B29ADD51000112B29 /* Frameworks */,
				1785F79C29ADD51000112B29 /* Resources */,
			);
			buildRules = (
			);
			dependencies = (
				1785F7A029ADD51000112B29 /* PBXTargetDependency */,
			);
			name = "Animate TransitionTests";
			productName = "Animate TransitionTests";
			productReference = 1785F79E29ADD51000112B29 /* Animate TransitionTests.xctest */;
			productType = "com.apple.product-type.bundle.unit-test";
		};
		1785F7A729ADD51000112B29 /* Animate TransitionUITests */ = {
			isa = PBXNativeTarget;
			buildConfigurationList = 1785F7B829ADD51000112B29 /* Build configuration list for PBXNativeTarget "Animate TransitionUITests" */;
			buildPhases = (
				1785F7A429ADD51000112B29 /* Sources */,
				1785F7A529ADD51000112B29 /* Frameworks */,
				1785F7A629ADD51000112B29 /* Resources */,
			);
			buildRules = (
			);
			dependencies = (
				1785F7AA29ADD51000112B29 /* PBXTargetDependency */,
			);
			name = "Animate TransitionUITests";
			productName = "Animate TransitionUITests";
			productReference = 1785F7A829ADD51000112B29 /* Animate TransitionUITests.xctest */;
			productType = "com.apple.product-type.bundle.ui-testing";
		};
/* End PBXNativeTarget section */

/* Begin PBXProject section */
		1785F78529ADD50F00112B29 /* Project object */ = {
			isa = PBXProject;
			attributes = {
				BuildIndependentTargetsInParallel = 1;
				LastSwiftUpdateCheck = 1420;
				LastUpgradeCheck = 1420;
				TargetAttributes = {
					1785F78C29ADD50F00112B29 = {
						CreatedOnToolsVersion = 14.2;
					};
					1785F79D29ADD51000112B29 = {
						CreatedOnToolsVersion = 14.2;
						TestTargetID = 1785F78C29ADD50F00112B29;
					};
					1785F7A729ADD51000112B29 = {
						CreatedOnToolsVersion = 14.2;
						TestTargetID = 1785F78C29ADD50F00112B29;
					};
				};
			};
			buildConfigurationList = 1785F78829ADD50F00112B29 /* Build configuration list for PBXProject "Animate Transition" */;
			compatibilityVersion = "Xcode 14.0";
			developmentRegion = en;
			hasScannedForEncodings = 0;
			knownRegions = (
				en,
				Base,
			);
			mainGroup = 1785F78429ADD50F00112B29;
			productRefGroup = 1785F78E29ADD50F00112B29 /* Products */;
			projectDirPath = "";
			projectRoot = "";
			targets = (
				1785F78C29ADD50F00112B29 /* Animate Transition */,
				1785F79D29ADD51000112B29 /* Animate TransitionTests */,
				1785F7A729ADD51000112B29 /* Animate TransitionUITests */,
			);
		};
/* End PBXProject section */

/* Begin PBXResourcesBuildPhase section */
		1785F78B29ADD50F00112B29 /* Resources */ = {
			isa = PBXResourcesBuildPhase;
			buildActionMask = 2147483647;
			files = (
				1785F79929ADD51000112B29 /* Preview Assets.xcassets in Resources */,
				1785F79529ADD51000112B29 /* Assets.xcassets in Resources */,
			);
			runOnlyForDeploymentPostprocessing = 0;
		};
		1785F79C29ADD51000112B29 /* Resources */ = {
			isa = PBXResourcesBuildPhase;
			buildActionMask = 2147483647;
			files = (
			);
			runOnlyForDeploymentPostprocessing = 0;
		};
		1785F7A629ADD51000112B29 /* Resources */ = {
			isa = PBXResourcesBuildPhase;
			buildActionMask = 2147483647;
			files = (
			);
			runOnlyForDeploymentPostprocessing = 0;
		};
/* End PBXResourcesBuildPhase section */

/* Begin PBXSourcesBuildPhase section */
		1785F78929ADD50F00112B29 /* Sources */ = {
			isa = PBXSourcesBuildPhase;
			buildActionMask = 2147483647;
			files = (
				1785F7BC29ADD66200112B29 /* SettingsView.swift in Sources */,
				1785F79329ADD50F00112B29 /* ContentView.swift in Sources */,
				1785F79129ADD50F00112B29 /* Animate_TransitionApp.swift in Sources */,
			);
			runOnlyForDeploymentPostprocessing = 0;
		};
		1785F79A29ADD51000112B29 /* Sources */ = {
			isa = PBXSourcesBuildPhase;
			buildActionMask = 2147483647;
			files = (
				1785F7A329ADD51000112B29 /* Animate_TransitionTests.swift in Sources */,
			);
			runOnlyForDeploymentPostprocessing = 0;
		};
		1785F7A429ADD51000112B29 /* Sources */ = {
			isa = PBXSourcesBuildPhase;
			buildActionMask = 2147483647;
			files = (
				1785F7AD29ADD51000112B29 /* Animate_TransitionUITests.swift in Sources */,
				1785F7AF29ADD51000112B29 /* Animate_TransitionUITestsLaunchTests.swift in Sources */,
			);
			runOnlyForDeploymentPostprocessing = 0;
		};
/* End PBXSourcesBuildPhase section */

/* Begin PBXTargetDependency section */
		1785F7A029ADD51000112B29 /* PBXTargetDependency */ = {
			isa = PBXTargetDependency;
			target = 1785F78C29ADD50F00112B29 /* Animate Transition */;
			targetProxy = 1785F79F29ADD51000112B29 /* PBXContainerItemProxy */;
		};
		1785F7AA29ADD51000112B29 /* PBXTargetDependency */ = {
			isa = PBXTargetDependency;
			target = 1785F78C29ADD50F00112B29 /* Animate Transition */;
			targetProxy = 1785F7A929ADD51000112B29 /* PBXContainerItemProxy */;
		};
/* End PBXTargetDependency section */

/* Begin XCBuildConfiguration section */
		1785F7B029ADD51000112B29 /* Debug */ = {
			isa = XCBuildConfiguration;
			buildSettings = {
				ALWAYS_SEARCH_USER_PATHS = NO;
				CLANG_ANALYZER_NONNULL = YES;
				CLANG_ANALYZER_NUMBER_OBJECT_CONVERSION = YES_AGGRESSIVE;
				CLANG_CXX_LANGUAGE_STANDARD = "gnu++20";
				CLANG_ENABLE_MODULES = YES;
				CLANG_ENABLE_OBJC_ARC = YES;
				CLANG_ENABLE_OBJC_WEAK = YES;
				CLANG_WARN_BLOCK_CAPTURE_AUTORELEASING = YES;
				CLANG_WARN_BOOL_CONVERSION = YES;
				CLANG_WARN_COMMA = YES;
				CLANG_WARN_CONSTANT_CONVERSION = YES;
				CLANG_WARN_DEPRECATED_OBJC_IMPLEMENTATIONS = YES;
				CLANG_WARN_DIRECT_OBJC_ISA_USAGE = YES_ERROR;
				CLANG_WARN_DOCUMENTATION_COMMENTS = YES;
				CLANG_WARN_EMPTY_BODY = YES;
				CLANG_WARN_ENUM_CONVERSION = YES;
				CLANG_WARN_INFINITE_RECURSION = YES;
				CLANG_WARN_INT_CONVERSION = YES;
				CLANG_WARN_NON_LITERAL_NULL_CONVERSION = YES;
				CLANG_WARN_OBJC_IMPLICIT_RETAIN_SELF = YES;
				CLANG_WARN_OBJC_LITERAL_CONVERSION = YES;
				CLANG_WARN_OBJC_ROOT_CLASS = YES_ERROR;
				CLANG_WARN_QUOTED_INCLUDE_IN_FRAMEWORK_HEADER = YES;
				CLANG_WARN_RANGE_LOOP_ANALYSIS = YES;
				CLANG_WARN_STRICT_PROTOTYPES = YES;
				CLANG_WARN_SUSPICIOUS_MOVE = YES;
				CLANG_WARN_UNGUARDED_AVAILABILITY = YES_AGGRESSIVE;
				CLANG_WARN_UNREACHABLE_CODE = YES;
				CLANG_WARN__DUPLICATE_METHOD_MATCH = YES;
				COPY_PHASE_STRIP = NO;
				DEBUG_INFORMATION_FORMAT = dwarf;
				ENABLE_STRICT_OBJC_MSGSEND = YES;
				ENABLE_TESTABILITY = YES;
				GCC_C_LANGUAGE_STANDARD = gnu11;
				GCC_DYNAMIC_NO_PIC = NO;
				GCC_NO_COMMON_BLOCKS = YES;
				GCC_OPTIMIZATION_LEVEL = 0;
				GCC_PREPROCESSOR_DEFINITIONS = (
					"DEBUG=1",
					"$(inherited)",
				);
				GCC_WARN_64_TO_32_BIT_CONVERSION = YES;
				GCC_WARN_ABOUT_RETURN_TYPE = YES_ERROR;
				GCC_WARN_UNDECLARED_SELECTOR = YES;
				GCC_WARN_UNINITIALIZED_AUTOS = YES_AGGRESSIVE;
				GCC_WARN_UNUSED_FUNCTION = YES;
				GCC_WARN_UNUSED_VARIABLE = YES;
				MTL_ENABLE_DEBUG_INFO = INCLUDE_SOURCE;
				MTL_FAST_MATH = YES;
				ONLY_ACTIVE_ARCH = YES;
				SWIFT_ACTIVE_COMPILATION_CONDITIONS = DEBUG;
				SWIFT_OPTIMIZATION_LEVEL = "-Onone";
			};
			name = Debug;
		};
		1785F7B129ADD51000112B29 /* Release */ = {
			isa = XCBuildConfiguration;
			buildSettings = {
				ALWAYS_SEARCH_USER_PATHS = NO;
				CLANG_ANALYZER_NONNULL = YES;
				CLANG_ANALYZER_NUMBER_OBJECT_CONVERSION = YES_AGGRESSIVE;
				CLANG_CXX_LANGUAGE_STANDARD = "gnu++20";
				CLANG_ENABLE_MODULES = YES;
				CLANG_ENABLE_OBJC_ARC = YES;
				CLANG_ENABLE_OBJC_WEAK = YES;
				CLANG_WARN_BLOCK_CAPTURE_AUTORELEASING = YES;
				CLANG_WARN_BOOL_CONVERSION = YES;
				CLANG_WARN_COMMA = YES;
				CLANG_WARN_CONSTANT_CONVERSION = YES;
				CLANG_WARN_DEPRECATED_OBJC_IMPLEMENTATIONS = YES;
				CLANG_WARN_DIRECT_OBJC_ISA_USAGE = YES_ERROR;
				CLANG_WARN_DOCUMENTATION_COMMENTS = YES;
				CLANG_WARN_EMPTY_BODY = YES;
				CLANG_WARN_ENUM_CONVERSION = YES;
				CLANG_WARN_INFINITE_RECURSION = YES;
				CLANG_WARN_INT_CONVERSION = YES;
				CLANG_WARN_NON_LITERAL_NULL_CONVERSION = YES;
				CLANG_WARN_OBJC_IMPLICIT_RETAIN_SELF = YES;
				CLANG_WARN_OBJC_LITERAL_CONVERSION = YES;
				CLANG_WARN_OBJC_ROOT_CLASS = YES_ERROR;
				CLANG_WARN_QUOTED_INCLUDE_IN_FRAMEWORK_HEADER = YES;
				CLANG_WARN_RANGE_LOOP_ANALYSIS = YES;
				CLANG_WARN_STRICT_PROTOTYPES = YES;
				CLANG_WARN_SUSPICIOUS_MOVE = YES;
				CLANG_WARN_UNGUARDED_AVAILABILITY = YES_AGGRESSIVE;
				CLANG_WARN_UNREACHABLE_CODE = YES;
				CLANG_WARN__DUPLICATE_METHOD_MATCH = YES;
				COPY_PHASE_STRIP = NO;
				DEBUG_INFORMATION_FORMAT = "dwarf-with-dsym";
				ENABLE_NS_ASSERTIONS = NO;
				ENABLE_STRICT_OBJC_MSGSEND = YES;
				GCC_C_LANGUAGE_STANDARD = gnu11;
				GCC_NO_COMMON_BLOCKS = YES;
				GCC_WARN_64_TO_32_BIT_CONVERSION = YES;
				GCC_WARN_ABOUT_RETURN_TYPE = YES_ERROR;
				GCC_WARN_UNDECLARED_SELECTOR = YES;
				GCC_WARN_UNINITIALIZED_AUTOS = YES_AGGRESSIVE;
				GCC_WARN_UNUSED_FUNCTION = YES;
				GCC_WARN_UNUSED_VARIABLE = YES;
				MTL_ENABLE_DEBUG_INFO = NO;
				MTL_FAST_MATH = YES;
				SWIFT_COMPILATION_MODE = wholemodule;
				SWIFT_OPTIMIZATION_LEVEL = "-O";
			};
			name = Release;
		};
		1785F7B329ADD51000112B29 /* Debug */ = {
			isa = XCBuildConfiguration;
			buildSettings = {
				ASSETCATALOG_COMPILER_APPICON_NAME = AppIcon;
				ASSETCATALOG_COMPILER_GLOBAL_ACCENT_COLOR_NAME = AccentColor;
				CODE_SIGN_ENTITLEMENTS = "Animate Transition/Animate_Transition.entitlements";
				CODE_SIGN_STYLE = Automatic;
				CURRENT_PROJECT_VERSION = 1;
				DEVELOPMENT_ASSET_PATHS = "\"Animate Transition/Preview Content\"";
				DEVELOPMENT_TEAM = AK2T82WWSV;
				ENABLE_HARDENED_RUNTIME = YES;
				ENABLE_PREVIEWS = YES;
				GENERATE_INFOPLIST_FILE = YES;
				"INFOPLIST_KEY_UIApplicationSceneManifest_Generation[sdk=iphoneos*]" = YES;
				"INFOPLIST_KEY_UIApplicationSceneManifest_Generation[sdk=iphonesimulator*]" = YES;
				"INFOPLIST_KEY_UIApplicationSupportsIndirectInputEvents[sdk=iphoneos*]" = YES;
				"INFOPLIST_KEY_UIApplicationSupportsIndirectInputEvents[sdk=iphonesimulator*]" = YES;
				"INFOPLIST_KEY_UILaunchScreen_Generation[sdk=iphoneos*]" = YES;
				"INFOPLIST_KEY_UILaunchScreen_Generation[sdk=iphonesimulator*]" = YES;
				"INFOPLIST_KEY_UIStatusBarStyle[sdk=iphoneos*]" = UIStatusBarStyleDefault;
				"INFOPLIST_KEY_UIStatusBarStyle[sdk=iphonesimulator*]" = UIStatusBarStyleDefault;
				INFOPLIST_KEY_UISupportedInterfaceOrientations_iPad = "UIInterfaceOrientationPortrait UIInterfaceOrientationPortraitUpsideDown UIInterfaceOrientationLandscapeLeft UIInterfaceOrientationLandscapeRight";
				INFOPLIST_KEY_UISupportedInterfaceOrientations_iPhone = "UIInterfaceOrientationPortrait UIInterfaceOrientationLandscapeLeft UIInterfaceOrientationLandscapeRight";
				IPHONEOS_DEPLOYMENT_TARGET = 16.2;
				LD_RUNPATH_SEARCH_PATHS = "@executable_path/Frameworks";
				"LD_RUNPATH_SEARCH_PATHS[sdk=macosx*]" = "@executable_path/../Frameworks";
				MACOSX_DEPLOYMENT_TARGET = 13.1;
				MARKETING_VERSION = 1.0;
				PRODUCT_BUNDLE_IDENTIFIER = "aashish22bansal.Animate-Transition";
				PRODUCT_NAME = "$(TARGET_NAME)";
				SDKROOT = auto;
				SUPPORTED_PLATFORMS = "iphoneos iphonesimulator macosx";
				SWIFT_EMIT_LOC_STRINGS = YES;
				SWIFT_VERSION = 5.0;
				TARGETED_DEVICE_FAMILY = "1,2";
			};
			name = Debug;
		};
		1785F7B429ADD51000112B29 /* Release */ = {
			isa = XCBuildConfiguration;
			buildSettings = {
				ASSETCATALOG_COMPILER_APPICON_NAME = AppIcon;
				ASSETCATALOG_COMPILER_GLOBAL_ACCENT_COLOR_NAME = AccentColor;
				CODE_SIGN_ENTITLEMENTS = "Animate Transition/Animate_Transition.entitlements";
				CODE_SIGN_STYLE = Automatic;
				CURRENT_PROJECT_VERSION = 1;
				DEVELOPMENT_ASSET_PATHS = "\"Animate Transition/Preview Content\"";
				DEVELOPMENT_TEAM = AK2T82WWSV;
				ENABLE_HARDENED_RUNTIME = YES;
				ENABLE_PREVIEWS = YES;
				GENERATE_INFOPLIST_FILE = YES;
				"INFOPLIST_KEY_UIApplicationSceneManifest_Generation[sdk=iphoneos*]" = YES;
				"INFOPLIST_KEY_UIApplicationSceneManifest_Generation[sdk=iphonesimulator*]" = YES;
				"INFOPLIST_KEY_UIApplicationSupportsIndirectInputEvents[sdk=iphoneos*]" = YES;
				"INFOPLIST_KEY_UIApplicationSupportsIndirectInputEvents[sdk=iphonesimulator*]" = YES;
				"INFOPLIST_KEY_UILaunchScreen_Generation[sdk=iphoneos*]" = YES;
				"INFOPLIST_KEY_UILaunchScreen_Generation[sdk=iphonesimulator*]" = YES;
				"INFOPLIST_KEY_UIStatusBarStyle[sdk=iphoneos*]" = UIStatusBarStyleDefault;
				"INFOPLIST_KEY_UIStatusBarStyle[sdk=iphonesimulator*]" = UIStatusBarStyleDefault;
				INFOPLIST_KEY_UISupportedInterfaceOrientations_iPad = "UIInterfaceOrientationPortrait UIInterfaceOrientationPortraitUpsideDown UIInterfaceOrientationLandscapeLeft UIInterfaceOrientationLandscapeRight";
				INFOPLIST_KEY_UISupportedInterfaceOrientations_iPhone = "UIInterfaceOrientationPortrait UIInterfaceOrientationLandscapeLeft UIInterfaceOrientationLandscapeRight";
				IPHONEOS_DEPLOYMENT_TARGET = 16.2;
				LD_RUNPATH_SEARCH_PATHS = "@executable_path/Frameworks";
				"LD_RUNPATH_SEARCH_PATHS[sdk=macosx*]" = "@executable_path/../Frameworks";
				MACOSX_DEPLOYMENT_TARGET = 13.1;
				MARKETING_VERSION = 1.0;
				PRODUCT_BUNDLE_IDENTIFIER = "aashish22bansal.Animate-Transition";
				PRODUCT_NAME = "$(TARGET_NAME)";
				SDKROOT = auto;
				SUPPORTED_PLATFORMS = "iphoneos iphonesimulator macosx";
				SWIFT_EMIT_LOC_STRINGS = YES;
				SWIFT_VERSION = 5.0;
				TARGETED_DEVICE_FAMILY = "1,2";
			};
			name = Release;
		};
		1785F7B629ADD51000112B29 /* Debug */ = {
			isa = XCBuildConfiguration;
			buildSettings = {
				ALWAYS_EMBED_SWIFT_STANDARD_LIBRARIES = YES;
				BUNDLE_LOADER = "$(TEST_HOST)";
				CODE_SIGN_STYLE = Automatic;
				CURRENT_PROJECT_VERSION = 1;
				DEVELOPMENT_TEAM = AK2T82WWSV;
				GENERATE_INFOPLIST_FILE = YES;
				IPHONEOS_DEPLOYMENT_TARGET = 16.2;
				MACOSX_DEPLOYMENT_TARGET = 13.1;
				MARKETING_VERSION = 1.0;
				PRODUCT_BUNDLE_IDENTIFIER = "aashish22bansal.Animate-TransitionTests";
				PRODUCT_NAME = "$(TARGET_NAME)";
				SDKROOT = auto;
				SUPPORTED_PLATFORMS = "iphoneos iphonesimulator macosx";
				SWIFT_EMIT_LOC_STRINGS = NO;
				SWIFT_VERSION = 5.0;
				TARGETED_DEVICE_FAMILY = "1,2";
				TEST_HOST = "$(BUILT_PRODUCTS_DIR)/Animate Transition.app/$(BUNDLE_EXECUTABLE_FOLDER_PATH)/Animate Transition";
			};
			name = Debug;
		};
		1785F7B729ADD51000112B29 /* Release */ = {
			isa = XCBuildConfiguration;
			buildSettings = {
				ALWAYS_EMBED_SWIFT_STANDARD_LIBRARIES = YES;
				BUNDLE_LOADER = "$(TEST_HOST)";
				CODE_SIGN_STYLE = Automatic;
				CURRENT_PROJECT_VERSION = 1;
				DEVELOPMENT_TEAM = AK2T82WWSV;
				GENERATE_INFOPLIST_FILE = YES;
				IPHONEOS_DEPLOYMENT_TARGET = 16.2;
				MACOSX_DEPLOYMENT_TARGET = 13.1;
				MARKETING_VERSION = 1.0;
				PRODUCT_BUNDLE_IDENTIFIER = "aashish22bansal.Animate-TransitionTests";
				PRODUCT_NAME = "$(TARGET_NAME)";
				SDKROOT = auto;
				SUPPORTED_PLATFORMS = "iphoneos iphonesimulator macosx";
				SWIFT_EMIT_LOC_STRINGS = NO;
				SWIFT_VERSION = 5.0;
				TARGETED_DEVICE_FAMILY = "1,2";
				TEST_HOST = "$(BUILT_PRODUCTS_DIR)/Animate Transition.app/$(BUNDLE_EXECUTABLE_FOLDER_PATH)/Animate Transition";
			};
			name = Release;
		};
		1785F7B929ADD51000112B29 /* Debug */ = {
			isa = XCBuildConfiguration;
			buildSettings = {
				ALWAYS_EMBED_SWIFT_STANDARD_LIBRARIES = YES;
				CODE_SIGN_STYLE = Automatic;
				CURRENT_PROJECT_VERSION = 1;
				DEVELOPMENT_TEAM = AK2T82WWSV;
				GENERATE_INFOPLIST_FILE = YES;
				IPHONEOS_DEPLOYMENT_TARGET = 16.2;
				MACOSX_DEPLOYMENT_TARGET = 13.1;
				MARKETING_VERSION = 1.0;
				PRODUCT_BUNDLE_IDENTIFIER = "aashish22bansal.Animate-TransitionUITests";
				PRODUCT_NAME = "$(TARGET_NAME)";
				SDKROOT = auto;
				SUPPORTED_PLATFORMS = "iphoneos iphonesimulator macosx";
				SWIFT_EMIT_LOC_STRINGS = NO;
				SWIFT_VERSION = 5.0;
				TARGETED_DEVICE_FAMILY = "1,2";
				TEST_TARGET_NAME = "Animate Transition";
			};
			name = Debug;
		};
		1785F7BA29ADD51000112B29 /* Release */ = {
			isa = XCBuildConfiguration;
			buildSettings = {
				ALWAYS_EMBED_SWIFT_STANDARD_LIBRARIES = YES;
				CODE_SIGN_STYLE = Automatic;
				CURRENT_PROJECT_VERSION = 1;
				DEVELOPMENT_TEAM = AK2T82WWSV;
				GENERATE_INFOPLIST_FILE = YES;
				IPHONEOS_DEPLOYMENT_TARGET = 16.2;
				MACOSX_DEPLOYMENT_TARGET = 13.1;
				MARKETING_VERSION = 1.0;
				PRODUCT_BUNDLE_IDENTIFIER = "aashish22bansal.Animate-TransitionUITests";
				PRODUCT_NAME = "$(TARGET_NAME)";
				SDKROOT = auto;
				SUPPORTED_PLATFORMS = "iphoneos iphonesimulator macosx";
				SWIFT_EMIT_LOC_STRINGS = NO;
				SWIFT_VERSION = 5.0;
				TARGETED_DEVICE_FAMILY = "1,2";
				TEST_TARGET_NAME = "Animate Transition";
			};
			name = Release;
		};
/* End XCBuildConfiguration section */

/* Begin XCConfigurationList section */
		1785F78829ADD50F00112B29 /* Build configuration list for PBXProject "Animate Transition" */ = {
			isa = XCConfigurationList;
			buildConfigurations = (
				1785F7B029ADD51000112B29 /* Debug */,
				1785F7B129ADD51000112B29 /* Release */,
			);
			defaultConfigurationIsVisible = 0;
			defaultConfigurationName = Release;
		};
		1785F7B229ADD51000112B29 /* Build configuration list for PBXNativeTarget "Animate Transition" */ = {
			isa = XCConfigurationList;
			buildConfigurations = (
				1785F7B329ADD51000112B29 /* Debug */,
				1785F7B429ADD51000112B29 /* Release */,
			);
			defaultConfigurationIsVisible = 0;
			defaultConfigurationName = Release;
		};
		1785F7B529ADD51000112B29 /* Build configuration list for PBXNativeTarget "Animate TransitionTests" */ = {
			isa = XCConfigurationList;
			buildConfigurations = (
				1785F7B629ADD51000112B29 /* Debug */,
				1785F7B729ADD51000112B29 /* Release */,
			);
			defaultConfigurationIsVisible = 0;
			defaultConfigurationName = Release;
		};
		1785F7B829ADD51000112B29 /* Build configuration list for PBXNativeTarget "Animate TransitionUITests" */ = {
			isa = XCConfigurationList;
			buildConfigurations = (
				1785F7B929ADD51000112B29 /* Debug */,
				1785F7BA29ADD51000112B29 /* Release */,
			);
			defaultConfigurationIsVisible = 0;
			defaultConfigurationName = Release;
		};
/* End XCConfigurationList section */
	};
	rootObject = 1785F78529ADD50F00112B29 /* Project object */;
}
